
Microsoft Visual Studio Solution File, Format Version 12.00
# Visual Studio Version 17
VisualStudioVersion = 17.1.32421.90
MinimumVisualStudioVersion = 10.0.40219.1
Project("{FAE04EC0-301F-11D3-BF4B-00C04F79EFBC}") = "cwiczenia7", "cwiczenia7.csproj", "{4F8C8DB5-CC22-42C1-932F-23B0A37D9C27}"
EndProject
Global
	GlobalSection(SolutionConfigurationPlatforms) = preSolution
		Debug|Any CPU = Debug|Any CPU
		Release|Any CPU = Release|Any CPU
	EndGlobalSection
	GlobalSection(ProjectConfigurationPlatforms) = postSolution
		{4F8C8DB5-CC22-42C1-932F-23B0A37D9C27}.Debug|Any CPU.ActiveCfg = Debug|Any CPU
		{4F8C8DB5-CC22-42C1-932F-23B0A37D9C27}.Debug|Any CPU.Build.0 = Debug|Any CPU
		{4F8C8DB5-CC22-42C1-932F-23B0A37D9C27}.Release|Any CPU.ActiveCfg = Release|Any CPU
		{4F8C8DB5-CC22-42C1-932F-23B0A37D9C27}.Release|Any CPU.Build.0 = Release|Any CPU
	EndGlobalSection
	GlobalSection(SolutionProperties) = preSolution
		HideSolutionNode = FALSE
	EndGlobalSection
	GlobalSection(ExtensibilityGlobals) = postSolution
		SolutionGuid = {06535266-F090-4350-9827-C0D488A3E80C}
	EndGlobalSection
EndGlobal
